// !$*UTF8*$!
{
	archiveVersion = 1;
	classes = {
	};
	objectVersion = 56;
	objects = {

/* Begin PBXBuildFile section */
		9F01695A2C98C57C00A8F7F8 /* Home.swift in Sources */ = {isa = PBXBuildFile; fileRef = 9F0169592C98C57C00A8F7F8 /* Home.swift */; };
		9F01695C2C98C74900A8F7F8 /* HomeStoryBoard.storyboard in Resources */ = {isa = PBXBuildFile; fileRef = 9F01695B2C98C74900A8F7F8 /* HomeStoryBoard.storyboard */; };
		9F67ED212CA00EE100E5140B /* stop.txt in Resources */ = {isa = PBXBuildFile; fileRef = 9F67ED202CA00EDD00E5140B /* stop.txt */; };
		9F9740A62C9CDF2400D2FA3C /* ThermostatModel.mlmodel in Sources */ = {isa = PBXBuildFile; fileRef = 9F9740A52C9CDF2400D2FA3C /* ThermostatModel.mlmodel */; };
		9FA0BBB82C98A73500637FE0 /* NoaiThermostat.storyboard in Resources */ = {isa = PBXBuildFile; fileRef = 9FA0BBB72C98A73500637FE0 /* NoaiThermostat.storyboard */; };
		9FA0BBBC2C98A7F700637FE0 /* NoAiThermoView.swift in Sources */ = {isa = PBXBuildFile; fileRef = 9FA0BBBB2C98A7F700637FE0 /* NoAiThermoView.swift */; };
		9FB125902C9A111000032AF3 /* AiThermoView.swift in Sources */ = {isa = PBXBuildFile; fileRef = 9FB1258F2C9A110700032AF3 /* AiThermoView.swift */; };
		9FB125922C9A112100032AF3 /* AiThermostat.storyboard in Resources */ = {isa = PBXBuildFile; fileRef = 9FB125912C9A112100032AF3 /* AiThermostat.storyboard */; };
		9FB125942C9AB64200032AF3 /* AiThermostatSettings.storyboard in Resources */ = {isa = PBXBuildFile; fileRef = 9FB125932C9AB64200032AF3 /* AiThermostatSettings.storyboard */; };
		9FB125962C9AB64D00032AF3 /* AiThermostatSettingsView.swift in Sources */ = {isa = PBXBuildFile; fileRef = 9FB125952C9AB64700032AF3 /* AiThermostatSettingsView.swift */; };
		9FB6E2E12CA5D4C1002DAB2A /* SmartSuggestionsViewController.swift in Sources */ = {isa = PBXBuildFile; fileRef = 9FB6E2E02CA5D4C1002DAB2A /* SmartSuggestionsViewController.swift */; };
		9FB6E2E52CA5D4F8002DAB2A /* SmartSuggestionStoryBoard.storyboard in Resources */ = {isa = PBXBuildFile; fileRef = 9FB6E2E42CA5D4F8002DAB2A /* SmartSuggestionStoryBoard.storyboard */; };
		9FB6E2E72CA5D550002DAB2A /* circleGreen-Photoroom.png in Resources */ = {isa = PBXBuildFile; fileRef = 9FB6E2E62CA5D550002DAB2A /* circleGreen-Photoroom.png */; };
		9FC2DC3B2C9CD52C00725F3F /* save.txt in Resources */ = {isa = PBXBuildFile; fileRef = 9FC2DC3A2C9CD52800725F3F /* save.txt */; };
		9FD5BD1A2C980EFF007A9754 /* Thermostat.storyboard in Resources */ = {isa = PBXBuildFile; fileRef = 9FD5BD192C980EFF007A9754 /* Thermostat.storyboard */; };
		9FDC8ED42C9B7EB00093B7D2 /* FileUtility.swift in Sources */ = {isa = PBXBuildFile; fileRef = 9FDC8ED32C9B7EB00093B7D2 /* FileUtility.swift */; };
		9FE8EFF42C976F0D00EB2AFF /* AppDelegate.swift in Sources */ = {isa = PBXBuildFile; fileRef = 9FE8EFF32C976F0D00EB2AFF /* AppDelegate.swift */; };
		9FE8EFF62C976F0D00EB2AFF /* SceneDelegate.swift in Sources */ = {isa = PBXBuildFile; fileRef = 9FE8EFF52C976F0D00EB2AFF /* SceneDelegate.swift */; };
		9FE8EFF82C976F0D00EB2AFF /* ViewController.swift in Sources */ = {isa = PBXBuildFile; fileRef = 9FE8EFF72C976F0D00EB2AFF /* ViewController.swift */; };
		9FE8EFFD2C976F0E00EB2AFF /* Assets.xcassets in Resources */ = {isa = PBXBuildFile; fileRef = 9FE8EFFC2C976F0E00EB2AFF /* Assets.xcassets */; };
		9FE8F0002C976F0E00EB2AFF /* Base in Resources */ = {isa = PBXBuildFile; fileRef = 9FE8EFFF2C976F0E00EB2AFF /* Base */; };
		9FE8F00B2C976F0E00EB2AFF /* energymanagementstoryboardTests.swift in Sources */ = {isa = PBXBuildFile; fileRef = 9FE8F00A2C976F0E00EB2AFF /* energymanagementstoryboardTests.swift */; };
		9FE8F0152C976F0E00EB2AFF /* energymanagementstoryboardUITests.swift in Sources */ = {isa = PBXBuildFile; fileRef = 9FE8F0142C976F0E00EB2AFF /* energymanagementstoryboardUITests.swift */; };
		9FE8F0172C976F0E00EB2AFF /* energymanagementstoryboardUITestsLaunchTests.swift in Sources */ = {isa = PBXBuildFile; fileRef = 9FE8F0162C976F0E00EB2AFF /* energymanagementstoryboardUITestsLaunchTests.swift */; };
/* End PBXBuildFile section */

/* Begin PBXContainerItemProxy section */
		9FE8F0072C976F0E00EB2AFF /* PBXContainerItemProxy */ = {
			isa = PBXContainerItemProxy;
			containerPortal = 9FE8EFE82C976F0D00EB2AFF /* Project object */;
			proxyType = 1;
			remoteGlobalIDString = 9FE8EFEF2C976F0D00EB2AFF;
			remoteInfo = energymanagementstoryboard;
		};
		9FE8F0112C976F0E00EB2AFF /* PBXContainerItemProxy */ = {
			isa = PBXContainerItemProxy;
			containerPortal = 9FE8EFE82C976F0D00EB2AFF /* Project object */;
			proxyType = 1;
			remoteGlobalIDString = 9FE8EFEF2C976F0D00EB2AFF;
			remoteInfo = energymanagementstoryboard;
		};
/* End PBXContainerItemProxy section */

/* Begin PBXFileReference section */
		9F0169592C98C57C00A8F7F8 /* Home.swift */ = {isa = PBXFileReference; lastKnownFileType = sourcecode.swift; path = Home.swift; sourceTree = "<group>"; };
		9F01695B2C98C74900A8F7F8 /* HomeStoryBoard.storyboard */ = {isa = PBXFileReference; lastKnownFileType = file.storyboard; path = HomeStoryBoard.storyboard; sourceTree = "<group>"; };
		9F67ED202CA00EDD00E5140B /* stop.txt */ = {isa = PBXFileReference; lastKnownFileType = text; path = stop.txt; sourceTree = "<group>"; };
		9F9740A52C9CDF2400D2FA3C /* ThermostatModel.mlmodel */ = {isa = PBXFileReference; lastKnownFileType = file.mlmodel; path = ThermostatModel.mlmodel; sourceTree = "<group>"; };
		9FA0BBB72C98A73500637FE0 /* NoaiThermostat.storyboard */ = {isa = PBXFileReference; lastKnownFileType = file.storyboard; path = NoaiThermostat.storyboard; sourceTree = "<group>"; };
		9FA0BBBB2C98A7F700637FE0 /* NoAiThermoView.swift */ = {isa = PBXFileReference; lastKnownFileType = sourcecode.swift; path = NoAiThermoView.swift; sourceTree = "<group>"; };
		9FB1258F2C9A110700032AF3 /* AiThermoView.swift */ = {isa = PBXFileReference; lastKnownFileType = sourcecode.swift; path = AiThermoView.swift; sourceTree = "<group>"; };
		9FB125912C9A112100032AF3 /* AiThermostat.storyboard */ = {isa = PBXFileReference; lastKnownFileType = file.storyboard; path = AiThermostat.storyboard; sourceTree = "<group>"; };
		9FB125932C9AB64200032AF3 /* AiThermostatSettings.storyboard */ = {isa = PBXFileReference; lastKnownFileType = file.storyboard; path = AiThermostatSettings.storyboard; sourceTree = "<group>"; };
		9FB125952C9AB64700032AF3 /* AiThermostatSettingsView.swift */ = {isa = PBXFileReference; lastKnownFileType = sourcecode.swift; path = AiThermostatSettingsView.swift; sourceTree = "<group>"; };
		9FB6E2E02CA5D4C1002DAB2A /* SmartSuggestionsViewController.swift */ = {isa = PBXFileReference; lastKnownFileType = sourcecode.swift; path = SmartSuggestionsViewController.swift; sourceTree = "<group>"; };
		9FB6E2E42CA5D4F8002DAB2A /* SmartSuggestionStoryBoard.storyboard */ = {isa = PBXFileReference; lastKnownFileType = file.storyboard; path = SmartSuggestionStoryBoard.storyboard; sourceTree = "<group>"; };
		9FB6E2E62CA5D550002DAB2A /* circleGreen-Photoroom.png */ = {isa = PBXFileReference; lastKnownFileType = image.png; path = "circleGreen-Photoroom.png"; sourceTree = "<group>"; };
		9FC2DC3A2C9CD52800725F3F /* save.txt */ = {isa = PBXFileReference; lastKnownFileType = text; path = save.txt; sourceTree = "<group>"; };
		9FD5BD192C980EFF007A9754 /* Thermostat.storyboard */ = {isa = PBXFileReference; lastKnownFileType = file.storyboard; path = Thermostat.storyboard; sourceTree = "<group>"; };
		9FDC8ED32C9B7EB00093B7D2 /* FileUtility.swift */ = {isa = PBXFileReference; lastKnownFileType = sourcecode.swift; path = FileUtility.swift; sourceTree = "<group>"; };
		9FE8EFF02C976F0D00EB2AFF /* energymanagementstoryboard.app */ = {isa = PBXFileReference; explicitFileType = wrapper.application; includeInIndex = 0; path = energymanagementstoryboard.app; sourceTree = BUILT_PRODUCTS_DIR; };
		9FE8EFF32C976F0D00EB2AFF /* AppDelegate.swift */ = {isa = PBXFileReference; lastKnownFileType = sourcecode.swift; path = AppDelegate.swift; sourceTree = "<group>"; };
		9FE8EFF52C976F0D00EB2AFF /* SceneDelegate.swift */ = {isa = PBXFileReference; lastKnownFileType = sourcecode.swift; path = SceneDelegate.swift; sourceTree = "<group>"; };
		9FE8EFF72C976F0D00EB2AFF /* ViewController.swift */ = {isa = PBXFileReference; lastKnownFileType = sourcecode.swift; path = ViewController.swift; sourceTree = "<group>"; };
		9FE8EFFC2C976F0E00EB2AFF /* Assets.xcassets */ = {isa = PBXFileReference; lastKnownFileType = folder.assetcatalog; path = Assets.xcassets; sourceTree = "<group>"; };
		9FE8EFFF2C976F0E00EB2AFF /* Base */ = {isa = PBXFileReference; lastKnownFileType = file.storyboard; name = Base; path = Base.lproj/Main.storyboard; sourceTree = "<group>"; };
		9FE8F0012C976F0E00EB2AFF /* Info.plist */ = {isa = PBXFileReference; lastKnownFileType = text.plist.xml; path = Info.plist; sourceTree = "<group>"; };
		9FE8F0062C976F0E00EB2AFF /* energymanagementstoryboardTests.xctest */ = {isa = PBXFileReference; explicitFileType = wrapper.cfbundle; includeInIndex = 0; path = energymanagementstoryboardTests.xctest; sourceTree = BUILT_PRODUCTS_DIR; };
		9FE8F00A2C976F0E00EB2AFF /* energymanagementstoryboardTests.swift */ = {isa = PBXFileReference; lastKnownFileType = sourcecode.swift; path = energymanagementstoryboardTests.swift; sourceTree = "<group>"; };
		9FE8F0102C976F0E00EB2AFF /* energymanagementstoryboardUITests.xctest */ = {isa = PBXFileReference; explicitFileType = wrapper.cfbundle; includeInIndex = 0; path = energymanagementstoryboardUITests.xctest; sourceTree = BUILT_PRODUCTS_DIR; };
		9FE8F0142C976F0E00EB2AFF /* energymanagementstoryboardUITests.swift */ = {isa = PBXFileReference; lastKnownFileType = sourcecode.swift; path = energymanagementstoryboardUITests.swift; sourceTree = "<group>"; };
		9FE8F0162C976F0E00EB2AFF /* energymanagementstoryboardUITestsLaunchTests.swift */ = {isa = PBXFileReference; lastKnownFileType = sourcecode.swift; path = energymanagementstoryboardUITestsLaunchTests.swift; sourceTree = "<group>"; };
/* End PBXFileReference section */

/* Begin PBXFrameworksBuildPhase section */
		9FE8EFED2C976F0D00EB2AFF /* Frameworks */ = {
			isa = PBXFrameworksBuildPhase;
			buildActionMask = 2147483647;
			files = (
			);
			runOnlyForDeploymentPostprocessing = 0;
		};
		9FE8F0032C976F0E00EB2AFF /* Frameworks */ = {
			isa = PBXFrameworksBuildPhase;
			buildActionMask = 2147483647;
			files = (
			);
			runOnlyForDeploymentPostprocessing = 0;
		};
		9FE8F00D2C976F0E00EB2AFF /* Frameworks */ = {
			isa = PBXFrameworksBuildPhase;
			buildActionMask = 2147483647;
			files = (
			);
			runOnlyForDeploymentPostprocessing = 0;
		};
/* End PBXFrameworksBuildPhase section */

/* Begin PBXGroup section */
		9FE8EFE72C976F0D00EB2AFF = {
			isa = PBXGroup;
			children = (
				9FE8EFF22C976F0D00EB2AFF /* energymanagementstoryboard */,
				9FE8F0092C976F0E00EB2AFF /* energymanagementstoryboardTests */,
				9FE8F0132C976F0E00EB2AFF /* energymanagementstoryboardUITests */,
				9FE8EFF12C976F0D00EB2AFF /* Products */,
			);
			sourceTree = "<group>";
		};
		9FE8EFF12C976F0D00EB2AFF /* Products */ = {
			isa = PBXGroup;
			children = (
				9FE8EFF02C976F0D00EB2AFF /* energymanagementstoryboard.app */,
				9FE8F0062C976F0E00EB2AFF /* energymanagementstoryboardTests.xctest */,
				9FE8F0102C976F0E00EB2AFF /* energymanagementstoryboardUITests.xctest */,
			);
			name = Products;
			sourceTree = "<group>";
		};
		9FE8EFF22C976F0D00EB2AFF /* energymanagementstoryboard */ = {
			isa = PBXGroup;
			children = (
				9FA0BBBB2C98A7F700637FE0 /* NoAiThermoView.swift */,
				9FB1258F2C9A110700032AF3 /* AiThermoView.swift */,
				9F67ED202CA00EDD00E5140B /* stop.txt */,
				9FC2DC3A2C9CD52800725F3F /* save.txt */,
				9FDC8ED32C9B7EB00093B7D2 /* FileUtility.swift */,
				9F0169592C98C57C00A8F7F8 /* Home.swift */,
				9FE8EFF32C976F0D00EB2AFF /* AppDelegate.swift */,
				9FB6E2E02CA5D4C1002DAB2A /* SmartSuggestionsViewController.swift */,
				9FE8EFF52C976F0D00EB2AFF /* SceneDelegate.swift */,
				9FB125952C9AB64700032AF3 /* AiThermostatSettingsView.swift */,
				9FE8EFF72C976F0D00EB2AFF /* ViewController.swift */,
				9FE8F0232C9773CF00EB2AFF /* image */,
				9FE8EFFC2C976F0E00EB2AFF /* Assets.xcassets */,
				9FB6E2E42CA5D4F8002DAB2A /* SmartSuggestionStoryBoard.storyboard */,
				9FE8EFFE2C976F0E00EB2AFF /* Main.storyboard */,
				9F01695B2C98C74900A8F7F8 /* HomeStoryBoard.storyboard */,
				9FB125912C9A112100032AF3 /* AiThermostat.storyboard */,
				9FA0BBB72C98A73500637FE0 /* NoaiThermostat.storyboard */,
				9FB125932C9AB64200032AF3 /* AiThermostatSettings.storyboard */,
				9FD5BD192C980EFF007A9754 /* Thermostat.storyboard */,
				9FE8F0012C976F0E00EB2AFF /* Info.plist */,
				9F9740A52C9CDF2400D2FA3C /* ThermostatModel.mlmodel */,
			);
			path = energymanagementstoryboard;
			sourceTree = "<group>";
		};
		9FE8F0092C976F0E00EB2AFF /* energymanagementstoryboardTests */ = {
			isa = PBXGroup;
			children = (
				9FE8F00A2C976F0E00EB2AFF /* energymanagementstoryboardTests.swift */,
			);
			path = energymanagementstoryboardTests;
			sourceTree = "<group>";
		};
		9FE8F0132C976F0E00EB2AFF /* energymanagementstoryboardUITests */ = {
			isa = PBXGroup;
			children = (
				9FE8F0142C976F0E00EB2AFF /* energymanagementstoryboardUITests.swift */,
				9FE8F0162C976F0E00EB2AFF /* energymanagementstoryboardUITestsLaunchTests.swift */,
			);
			path = energymanagementstoryboardUITests;
			sourceTree = "<group>";
		};
		9FE8F0232C9773CF00EB2AFF /* image */ = {
			isa = PBXGroup;
			children = (
				9FB6E2E62CA5D550002DAB2A /* circleGreen-Photoroom.png */,
			);
			path = image;
			sourceTree = "<group>";
		};
/* End PBXGroup section */

/* Begin PBXNativeTarget section */
		9FE8EFEF2C976F0D00EB2AFF /* energymanagementstoryboard */ = {
			isa = PBXNativeTarget;
			buildConfigurationList = 9FE8F01A2C976F0E00EB2AFF /* Build configuration list for PBXNativeTarget "energymanagementstoryboard" */;
			buildPhases = (
				9FE8EFEC2C976F0D00EB2AFF /* Sources */,
				9FE8EFED2C976F0D00EB2AFF /* Frameworks */,
				9FE8EFEE2C976F0D00EB2AFF /* Resources */,
			);
			buildRules = (
			);
			dependencies = (
			);
			name = energymanagementstoryboard;
			productName = energymanagementstoryboard;
			productReference = 9FE8EFF02C976F0D00EB2AFF /* energymanagementstoryboard.app */;
			productType = "com.apple.product-type.application";
		};
		9FE8F0052C976F0E00EB2AFF /* energymanagementstoryboardTests */ = {
			isa = PBXNativeTarget;
			buildConfigurationList = 9FE8F01D2C976F0E00EB2AFF /* Build configuration list for PBXNativeTarget "energymanagementstoryboardTests" */;
			buildPhases = (
				9FE8F0022C976F0E00EB2AFF /* Sources */,
				9FE8F0032C976F0E00EB2AFF /* Frameworks */,
				9FE8F0042C976F0E00EB2AFF /* Resources */,
			);
			buildRules = (
			);
			dependencies = (
				9FE8F0082C976F0E00EB2AFF /* PBXTargetDependency */,
			);
			name = energymanagementstoryboardTests;
			productName = energymanagementstoryboardTests;
			productReference = 9FE8F0062C976F0E00EB2AFF /* energymanagementstoryboardTests.xctest */;
			productType = "com.apple.product-type.bundle.unit-test";
		};
		9FE8F00F2C976F0E00EB2AFF /* energymanagementstoryboardUITests */ = {
			isa = PBXNativeTarget;
			buildConfigurationList = 9FE8F0202C976F0E00EB2AFF /* Build configuration list for PBXNativeTarget "energymanagementstoryboardUITests" */;
			buildPhases = (
				9FE8F00C2C976F0E00EB2AFF /* Sources */,
				9FE8F00D2C976F0E00EB2AFF /* Frameworks */,
				9FE8F00E2C976F0E00EB2AFF /* Resources */,
			);
			buildRules = (
			);
			dependencies = (
				9FE8F0122C976F0E00EB2AFF /* PBXTargetDependency */,
			);
			name = energymanagementstoryboardUITests;
			productName = energymanagementstoryboardUITests;
			productReference = 9FE8F0102C976F0E00EB2AFF /* energymanagementstoryboardUITests.xctest */;
			productType = "com.apple.product-type.bundle.ui-testing";
		};
/* End PBXNativeTarget section */

/* Begin PBXProject section */
		9FE8EFE82C976F0D00EB2AFF /* Project object */ = {
			isa = PBXProject;
			attributes = {
				BuildIndependentTargetsInParallel = 1;
				LastSwiftUpdateCheck = 1540;
				LastUpgradeCheck = 1540;
				TargetAttributes = {
					9FE8EFEF2C976F0D00EB2AFF = {
						CreatedOnToolsVersion = 15.4;
					};
					9FE8F0052C976F0E00EB2AFF = {
						CreatedOnToolsVersion = 15.4;
						TestTargetID = 9FE8EFEF2C976F0D00EB2AFF;
					};
					9FE8F00F2C976F0E00EB2AFF = {
						CreatedOnToolsVersion = 15.4;
						TestTargetID = 9FE8EFEF2C976F0D00EB2AFF;
					};
				};
			};
			buildConfigurationList = 9FE8EFEB2C976F0D00EB2AFF /* Build configuration list for PBXProject "energymanagementstoryboard" */;
			compatibilityVersion = "Xcode 14.0";
			developmentRegion = en;
			hasScannedForEncodings = 0;
			knownRegions = (
				en,
				Base,
			);
			mainGroup = 9FE8EFE72C976F0D00EB2AFF;
			productRefGroup = 9FE8EFF12C976F0D00EB2AFF /* Products */;
			projectDirPath = "";
			projectRoot = "";
			targets = (
				9FE8EFEF2C976F0D00EB2AFF /* energymanagementstoryboard */,
				9FE8F0052C976F0E00EB2AFF /* energymanagementstoryboardTests */,
				9FE8F00F2C976F0E00EB2AFF /* energymanagementstoryboardUITests */,
			);
		};
/* End PBXProject section */

/* Begin PBXResourcesBuildPhase section */
		9FE8EFEE2C976F0D00EB2AFF /* Resources */ = {
			isa = PBXResourcesBuildPhase;
			buildActionMask = 2147483647;
			files = (
				9F01695C2C98C74900A8F7F8 /* HomeStoryBoard.storyboard in Resources */,
				9FD5BD1A2C980EFF007A9754 /* Thermostat.storyboard in Resources */,
				9FB125922C9A112100032AF3 /* AiThermostat.storyboard in Resources */,
				9FE8EFFD2C976F0E00EB2AFF /* Assets.xcassets in Resources */,
				9F67ED212CA00EE100E5140B /* stop.txt in Resources */,
				9FB6E2E52CA5D4F8002DAB2A /* SmartSuggestionStoryBoard.storyboard in Resources */,
				9FB125942C9AB64200032AF3 /* AiThermostatSettings.storyboard in Resources */,
				9FB6E2E72CA5D550002DAB2A /* circleGreen-Photoroom.png in Resources */,
				9FE8F0002C976F0E00EB2AFF /* Base in Resources */,
				9FC2DC3B2C9CD52C00725F3F /* save.txt in Resources */,
				9FA0BBB82C98A73500637FE0 /* NoaiThermostat.storyboard in Resources */,
			);
			runOnlyForDeploymentPostprocessing = 0;
		};
		9FE8F0042C976F0E00EB2AFF /* Resources */ = {
			isa = PBXResourcesBuildPhase;
			buildActionMask = 2147483647;
			files = (
			);
			runOnlyForDeploymentPostprocessing = 0;
		};
		9FE8F00E2C976F0E00EB2AFF /* Resources */ = {
			isa = PBXResourcesBuildPhase;
			buildActionMask = 2147483647;
			files = (
			);
			runOnlyForDeploymentPostprocessing = 0;
		};
/* End PBXResourcesBuildPhase section */

/* Begin PBXSourcesBuildPhase section */
		9FE8EFEC2C976F0D00EB2AFF /* Sources */ = {
			isa = PBXSourcesBuildPhase;
			buildActionMask = 2147483647;
			files = (
				9FDC8ED42C9B7EB00093B7D2 /* FileUtility.swift in Sources */,
				9FE8EFF82C976F0D00EB2AFF /* ViewController.swift in Sources */,
				9F9740A62C9CDF2400D2FA3C /* ThermostatModel.mlmodel in Sources */,
				9FE8EFF42C976F0D00EB2AFF /* AppDelegate.swift in Sources */,
				9FB6E2E12CA5D4C1002DAB2A /* SmartSuggestionsViewController.swift in Sources */,
				9F01695A2C98C57C00A8F7F8 /* Home.swift in Sources */,
				9FB125902C9A111000032AF3 /* AiThermoView.swift in Sources */,
				9FE8EFF62C976F0D00EB2AFF /* SceneDelegate.swift in Sources */,
				9FB125962C9AB64D00032AF3 /* AiThermostatSettingsView.swift in Sources */,
				9FA0BBBC2C98A7F700637FE0 /* NoAiThermoView.swift in Sources */,
			);
			runOnlyForDeploymentPostprocessing = 0;
		};
		9FE8F0022C976F0E00EB2AFF /* Sources */ = {
			isa = PBXSourcesBuildPhase;
			buildActionMask = 2147483647;
			files = (
				9FE8F00B2C976F0E00EB2AFF /* energymanagementstoryboardTests.swift in Sources */,
			);
			runOnlyForDeploymentPostprocessing = 0;
		};
		9FE8F00C2C976F0E00EB2AFF /* Sources */ = {
			isa = PBXSourcesBuildPhase;
			buildActionMask = 2147483647;
			files = (
				9FE8F0172C976F0E00EB2AFF /* energymanagementstoryboardUITestsLaunchTests.swift in Sources */,
				9FE8F0152C976F0E00EB2AFF /* energymanagementstoryboardUITests.swift in Sources */,
			);
			runOnlyForDeploymentPostprocessing = 0;
		};
/* End PBXSourcesBuildPhase section */

/* Begin PBXTargetDependency section */
		9FE8F0082C976F0E00EB2AFF /* PBXTargetDependency */ = {
			isa = PBXTargetDependency;
			target = 9FE8EFEF2C976F0D00EB2AFF /* energymanagementstoryboard */;
			targetProxy = 9FE8F0072C976F0E00EB2AFF /* PBXContainerItemProxy */;
		};
		9FE8F0122C976F0E00EB2AFF /* PBXTargetDependency */ = {
			isa = PBXTargetDependency;
			target = 9FE8EFEF2C976F0D00EB2AFF /* energymanagementstoryboard */;
			targetProxy = 9FE8F0112C976F0E00EB2AFF /* PBXContainerItemProxy */;
		};
/* End PBXTargetDependency section */

/* Begin PBXVariantGroup section */
		9FE8EFFE2C976F0E00EB2AFF /* Main.storyboard */ = {
			isa = PBXVariantGroup;
			children = (
				9FE8EFFF2C976F0E00EB2AFF /* Base */,
			);
			name = Main.storyboard;
			sourceTree = "<group>";
		};
/* End PBXVariantGroup section */

/* Begin XCBuildConfiguration section */
		9FE8F0182C976F0E00EB2AFF /* Debug */ = {
			isa = XCBuildConfiguration;
			buildSettings = {
				ALWAYS_SEARCH_USER_PATHS = NO;
				ASSETCATALOG_COMPILER_GENERATE_SWIFT_ASSET_SYMBOL_EXTENSIONS = YES;
				CLANG_ANALYZER_NONNULL = YES;
				CLANG_ANALYZER_NUMBER_OBJECT_CONVERSION = YES_AGGRESSIVE;
				CLANG_CXX_LANGUAGE_STANDARD = "gnu++20";
				CLANG_ENABLE_MODULES = YES;
				CLANG_ENABLE_OBJC_ARC = YES;
				CLANG_ENABLE_OBJC_WEAK = YES;
				CLANG_WARN_BLOCK_CAPTURE_AUTORELEASING = YES;
				CLANG_WARN_BOOL_CONVERSION = YES;
				CLANG_WARN_COMMA = YES;
				CLANG_WARN_CONSTANT_CONVERSION = YES;
				CLANG_WARN_DEPRECATED_OBJC_IMPLEMENTATIONS = YES;
				CLANG_WARN_DIRECT_OBJC_ISA_USAGE = YES_ERROR;
				CLANG_WARN_DOCUMENTATION_COMMENTS = YES;
				CLANG_WARN_EMPTY_BODY = YES;
				CLANG_WARN_ENUM_CONVERSION = YES;
				CLANG_WARN_INFINITE_RECURSION = YES;
				CLANG_WARN_INT_CONVERSION = YES;
				CLANG_WARN_NON_LITERAL_NULL_CONVERSION = YES;
				CLANG_WARN_OBJC_IMPLICIT_RETAIN_SELF = YES;
				CLANG_WARN_OBJC_LITERAL_CONVERSION = YES;
				CLANG_WARN_OBJC_ROOT_CLASS = YES_ERROR;
				CLANG_WARN_QUOTED_INCLUDE_IN_FRAMEWORK_HEADER = YES;
				CLANG_WARN_RANGE_LOOP_ANALYSIS = YES;
				CLANG_WARN_STRICT_PROTOTYPES = YES;
				CLANG_WARN_SUSPICIOUS_MOVE = YES;
				CLANG_WARN_UNGUARDED_AVAILABILITY = YES_AGGRESSIVE;
				CLANG_WARN_UNREACHABLE_CODE = YES;
				CLANG_WARN__DUPLICATE_METHOD_MATCH = YES;
				COPY_PHASE_STRIP = NO;
				DEBUG_INFORMATION_FORMAT = dwarf;
				ENABLE_STRICT_OBJC_MSGSEND = YES;
				ENABLE_TESTABILITY = YES;
				ENABLE_USER_SCRIPT_SANDBOXING = YES;
				GCC_C_LANGUAGE_STANDARD = gnu17;
				GCC_DYNAMIC_NO_PIC = NO;
				GCC_NO_COMMON_BLOCKS = YES;
				GCC_OPTIMIZATION_LEVEL = 0;
				GCC_PREPROCESSOR_DEFINITIONS = (
					"DEBUG=1",
					"$(inherited)",
				);
				GCC_WARN_64_TO_32_BIT_CONVERSION = YES;
				GCC_WARN_ABOUT_RETURN_TYPE = YES_ERROR;
				GCC_WARN_UNDECLARED_SELECTOR = YES;
				GCC_WARN_UNINITIALIZED_AUTOS = YES_AGGRESSIVE;
				GCC_WARN_UNUSED_FUNCTION = YES;
				GCC_WARN_UNUSED_VARIABLE = YES;
				IPHONEOS_DEPLOYMENT_TARGET = 17.5;
				LOCALIZATION_PREFERS_STRING_CATALOGS = YES;
				MTL_ENABLE_DEBUG_INFO = INCLUDE_SOURCE;
				MTL_FAST_MATH = YES;
				NEW_SETTING = "";
				ONLY_ACTIVE_ARCH = YES;
				SDKROOT = iphoneos;
				SWIFT_ACTIVE_COMPILATION_CONDITIONS = "DEBUG $(inherited)";
				SWIFT_OPTIMIZATION_LEVEL = "-Onone";
			};
			name = Debug;
		};
		9FE8F0192C976F0E00EB2AFF /* Release */ = {
			isa = XCBuildConfiguration;
			buildSettings = {
				ALWAYS_SEARCH_USER_PATHS = NO;
				ASSETCATALOG_COMPILER_GENERATE_SWIFT_ASSET_SYMBOL_EXTENSIONS = YES;
				CLANG_ANALYZER_NONNULL = YES;
				CLANG_ANALYZER_NUMBER_OBJECT_CONVERSION = YES_AGGRESSIVE;
				CLANG_CXX_LANGUAGE_STANDARD = "gnu++20";
				CLANG_ENABLE_MODULES = YES;
				CLANG_ENABLE_OBJC_ARC = YES;
				CLANG_ENABLE_OBJC_WEAK = YES;
				CLANG_WARN_BLOCK_CAPTURE_AUTORELEASING = YES;
				CLANG_WARN_BOOL_CONVERSION = YES;
				CLANG_WARN_COMMA = YES;
				CLANG_WARN_CONSTANT_CONVERSION = YES;
				CLANG_WARN_DEPRECATED_OBJC_IMPLEMENTATIONS = YES;
				CLANG_WARN_DIRECT_OBJC_ISA_USAGE = YES_ERROR;
				CLANG_WARN_DOCUMENTATION_COMMENTS = YES;
				CLANG_WARN_EMPTY_BODY = YES;
				CLANG_WARN_ENUM_CONVERSION = YES;
				CLANG_WARN_INFINITE_RECURSION = YES;
				CLANG_WARN_INT_CONVERSION = YES;
				CLANG_WARN_NON_LITERAL_NULL_CONVERSION = YES;
				CLANG_WARN_OBJC_IMPLICIT_RETAIN_SELF = YES;
				CLANG_WARN_OBJC_LITERAL_CONVERSION = YES;
				CLANG_WARN_OBJC_ROOT_CLASS = YES_ERROR;
				CLANG_WARN_QUOTED_INCLUDE_IN_FRAMEWORK_HEADER = YES;
				CLANG_WARN_RANGE_LOOP_ANALYSIS = YES;
				CLANG_WARN_STRICT_PROTOTYPES = YES;
				CLANG_WARN_SUSPICIOUS_MOVE = YES;
				CLANG_WARN_UNGUARDED_AVAILABILITY = YES_AGGRESSIVE;
				CLANG_WARN_UNREACHABLE_CODE = YES;
				CLANG_WARN__DUPLICATE_METHOD_MATCH = YES;
				COPY_PHASE_STRIP = NO;
				DEBUG_INFORMATION_FORMAT = "dwarf-with-dsym";
				ENABLE_NS_ASSERTIONS = NO;
				ENABLE_STRICT_OBJC_MSGSEND = YES;
				ENABLE_USER_SCRIPT_SANDBOXING = YES;
				GCC_C_LANGUAGE_STANDARD = gnu17;
				GCC_NO_COMMON_BLOCKS = YES;
				GCC_WARN_64_TO_32_BIT_CONVERSION = YES;
				GCC_WARN_ABOUT_RETURN_TYPE = YES_ERROR;
				GCC_WARN_UNDECLARED_SELECTOR = YES;
				GCC_WARN_UNINITIALIZED_AUTOS = YES_AGGRESSIVE;
				GCC_WARN_UNUSED_FUNCTION = YES;
				GCC_WARN_UNUSED_VARIABLE = YES;
				IPHONEOS_DEPLOYMENT_TARGET = 17.5;
				LOCALIZATION_PREFERS_STRING_CATALOGS = YES;
				MTL_ENABLE_DEBUG_INFO = NO;
				MTL_FAST_MATH = YES;
				NEW_SETTING = "";
				SDKROOT = iphoneos;
				SWIFT_COMPILATION_MODE = wholemodule;
				VALIDATE_PRODUCT = YES;
			};
			name = Release;
		};
		9FE8F01B2C976F0E00EB2AFF /* Debug */ = {
			isa = XCBuildConfiguration;
			buildSettings = {
				ASSETCATALOG_COMPILER_APPICON_NAME = AppIcon;
				ASSETCATALOG_COMPILER_GLOBAL_ACCENT_COLOR_NAME = AccentColor;
				CODE_SIGN_STYLE = Automatic;
				CURRENT_PROJECT_VERSION = 1;
				DEVELOPMENT_TEAM = NC6BV96GB7;
				GENERATE_INFOPLIST_FILE = YES;
				INFOPLIST_FILE = energymanagementstoryboard/Info.plist;
				INFOPLIST_KEY_UIApplicationSupportsIndirectInputEvents = YES;
				INFOPLIST_KEY_UILaunchStoryboardName = LaunchScreen;
				INFOPLIST_KEY_UIMainStoryboardFile = Main;
				INFOPLIST_KEY_UISupportedInterfaceOrientations_iPad = "UIInterfaceOrientationPortrait UIInterfaceOrientationPortraitUpsideDown UIInterfaceOrientationLandscapeLeft UIInterfaceOrientationLandscapeRight";
				INFOPLIST_KEY_UISupportedInterfaceOrientations_iPhone = "UIInterfaceOrientationPortrait UIInterfaceOrientationLandscapeLeft UIInterfaceOrientationLandscapeRight";
				LD_RUNPATH_SEARCH_PATHS = (
					"$(inherited)",
					"@executable_path/Frameworks",
				);
				MARKETING_VERSION = 1.0;
				PRODUCT_BUNDLE_IDENTIFIER = laurin.energymanagementstoryboard;
				PRODUCT_NAME = "$(TARGET_NAME)";
				SWIFT_EMIT_LOC_STRINGS = YES;
				SWIFT_VERSION = 5.0;
				TARGETED_DEVICE_FAMILY = "1,2";
			};
			name = Debug;
		};
		9FE8F01C2C976F0E00EB2AFF /* Release */ = {
			isa = XCBuildConfiguration;
			buildSettings = {
				ASSETCATALOG_COMPILER_APPICON_NAME = AppIcon;
				ASSETCATALOG_COMPILER_GLOBAL_ACCENT_COLOR_NAME = AccentColor;
				CODE_SIGN_STYLE = Automatic;
				CURRENT_PROJECT_VERSION = 1;
				DEVELOPMENT_TEAM = NC6BV96GB7;
				GENERATE_INFOPLIST_FILE = YES;
				INFOPLIST_FILE = energymanagementstoryboard/Info.plist;
				INFOPLIST_KEY_UIApplicationSupportsIndirectInputEvents = YES;
				INFOPLIST_KEY_UILaunchStoryboardName = LaunchScreen;
				INFOPLIST_KEY_UIMainStoryboardFile = Main;
				INFOPLIST_KEY_UISupportedInterfaceOrientations_iPad = "UIInterfaceOrientationPortrait UIInterfaceOrientationPortraitUpsideDown UIInterfaceOrientationLandscapeLeft UIInterfaceOrientationLandscapeRight";
				INFOPLIST_KEY_UISupportedInterfaceOrientations_iPhone = "UIInterfaceOrientationPortrait UIInterfaceOrientationLandscapeLeft UIInterfaceOrientationLandscapeRight";
				LD_RUNPATH_SEARCH_PATHS = (
					"$(inherited)",
					"@executable_path/Frameworks",
				);
				MARKETING_VERSION = 1.0;
				PRODUCT_BUNDLE_IDENTIFIER = laurin.energymanagementstoryboard;
				PRODUCT_NAME = "$(TARGET_NAME)";
				SWIFT_EMIT_LOC_STRINGS = YES;
				SWIFT_VERSION = 5.0;
				TARGETED_DEVICE_FAMILY = "1,2";
			};
			name = Release;
		};
		9FE8F01E2C976F0E00EB2AFF /* Debug */ = {
			isa = XCBuildConfiguration;
			buildSettings = {
				ALWAYS_EMBED_SWIFT_STANDARD_LIBRARIES = YES;
				BUNDLE_LOADER = "$(TEST_HOST)";
				CODE_SIGN_STYLE = Automatic;
				CURRENT_PROJECT_VERSION = 1;
				GENERATE_INFOPLIST_FILE = YES;
				IPHONEOS_DEPLOYMENT_TARGET = 17.5;
				MARKETING_VERSION = 1.0;
				PRODUCT_BUNDLE_IDENTIFIER = laurin.energymanagementstoryboardTests;
				PRODUCT_NAME = "$(TARGET_NAME)";
				SWIFT_EMIT_LOC_STRINGS = NO;
				SWIFT_VERSION = 5.0;
				TARGETED_DEVICE_FAMILY = "1,2";
				TEST_HOST = "$(BUILT_PRODUCTS_DIR)/energymanagementstoryboard.app/$(BUNDLE_EXECUTABLE_FOLDER_PATH)/energymanagementstoryboard";
			};
			name = Debug;
		};
		9FE8F01F2C976F0E00EB2AFF /* Release */ = {
			isa = XCBuildConfiguration;
			buildSettings = {
				ALWAYS_EMBED_SWIFT_STANDARD_LIBRARIES = YES;
				BUNDLE_LOADER = "$(TEST_HOST)";
				CODE_SIGN_STYLE = Automatic;
				CURRENT_PROJECT_VERSION = 1;
				GENERATE_INFOPLIST_FILE = YES;
				IPHONEOS_DEPLOYMENT_TARGET = 17.5;
				MARKETING_VERSION = 1.0;
				PRODUCT_BUNDLE_IDENTIFIER = laurin.energymanagementstoryboardTests;
				PRODUCT_NAME = "$(TARGET_NAME)";
				SWIFT_EMIT_LOC_STRINGS = NO;
				SWIFT_VERSION = 5.0;
				TARGETED_DEVICE_FAMILY = "1,2";
				TEST_HOST = "$(BUILT_PRODUCTS_DIR)/energymanagementstoryboard.app/$(BUNDLE_EXECUTABLE_FOLDER_PATH)/energymanagementstoryboard";
			};
			name = Release;
		};
		9FE8F0212C976F0E00EB2AFF /* Debug */ = {
			isa = XCBuildConfiguration;
			buildSettings = {
				ALWAYS_EMBED_SWIFT_STANDARD_LIBRARIES = YES;
				CODE_SIGN_STYLE = Automatic;
				CURRENT_PROJECT_VERSION = 1;
				GENERATE_INFOPLIST_FILE = YES;
				MARKETING_VERSION = 1.0;
				PRODUCT_BUNDLE_IDENTIFIER = laurin.energymanagementstoryboardUITests;
				PRODUCT_NAME = "$(TARGET_NAME)";
				SWIFT_EMIT_LOC_STRINGS = NO;
				SWIFT_VERSION = 5.0;
				TARGETED_DEVICE_FAMILY = "1,2";
				TEST_TARGET_NAME = energymanagementstoryboard;
			};
			name = Debug;
		};
		9FE8F0222C976F0E00EB2AFF /* Release */ = {
			isa = XCBuildConfiguration;
			buildSettings = {
				ALWAYS_EMBED_SWIFT_STANDARD_LIBRARIES = YES;
				CODE_SIGN_STYLE = Automatic;
				CURRENT_PROJECT_VERSION = 1;
				GENERATE_INFOPLIST_FILE = YES;
				MARKETING_VERSION = 1.0;
				PRODUCT_BUNDLE_IDENTIFIER = laurin.energymanagementstoryboardUITests;
				PRODUCT_NAME = "$(TARGET_NAME)";
				SWIFT_EMIT_LOC_STRINGS = NO;
				SWIFT_VERSION = 5.0;
				TARGETED_DEVICE_FAMILY = "1,2";
				TEST_TARGET_NAME = energymanagementstoryboard;
			};
			name = Release;
		};
/* End XCBuildConfiguration section */

/* Begin XCConfigurationList section */
		9FE8EFEB2C976F0D00EB2AFF /* Build configuration list for PBXProject "energymanagementstoryboard" */ = {
			isa = XCConfigurationList;
			buildConfigurations = (
				9FE8F0182C976F0E00EB2AFF /* Debug */,
				9FE8F0192C976F0E00EB2AFF /* Release */,
			);
			defaultConfigurationIsVisible = 0;
			defaultConfigurationName = Release;
		};
		9FE8F01A2C976F0E00EB2AFF /* Build configuration list for PBXNativeTarget "energymanagementstoryboard" */ = {
			isa = XCConfigurationList;
			buildConfigurations = (
				9FE8F01B2C976F0E00EB2AFF /* Debug */,
				9FE8F01C2C976F0E00EB2AFF /* Release */,
			);
			defaultConfigurationIsVisible = 0;
			defaultConfigurationName = Release;
		};
		9FE8F01D2C976F0E00EB2AFF /* Build configuration list for PBXNativeTarget "energymanagementstoryboardTests" */ = {
			isa = XCConfigurationList;
			buildConfigurations = (
				9FE8F01E2C976F0E00EB2AFF /* Debug */,
				9FE8F01F2C976F0E00EB2AFF /* Release */,
			);
			defaultConfigurationIsVisible = 0;
			defaultConfigurationName = Release;
		};
		9FE8F0202C976F0E00EB2AFF /* Build configuration list for PBXNativeTarget "energymanagementstoryboardUITests" */ = {
			isa = XCConfigurationList;
			buildConfigurations = (
				9FE8F0212C976F0E00EB2AFF /* Debug */,
				9FE8F0222C976F0E00EB2AFF /* Release */,
			);
			defaultConfigurationIsVisible = 0;
			defaultConfigurationName = Release;
		};
/* End XCConfigurationList section */
	};
	rootObject = 9FE8EFE82C976F0D00EB2AFF /* Project object */;
}
